
Microsoft Visual Studio Solution File, Format Version 12.00
# Visual Studio Version 17
VisualStudioVersion = 17.2.32616.157
MinimumVisualStudioVersion = 10.0.40219.1
Project("{FAE04EC0-301F-11D3-BF4B-00C04F79EFBC}") = "Bai2.2", "Bai2.2.csproj", "{1BFB601A-C46E-4B64-8531-49D5B9640F68}"
EndProject
Global
	GlobalSection(SolutionConfigurationPlatforms) = preSolution
		Debug|Any CPU = Debug|Any CPU
		Release|Any CPU = Release|Any CPU
	EndGlobalSection
	GlobalSection(ProjectConfigurationPlatforms) = postSolution
		{1BFB601A-C46E-4B64-8531-49D5B9640F68}.Debug|Any CPU.ActiveCfg = Debug|Any CPU
		{1BFB601A-C46E-4B64-8531-49D5B9640F68}.Debug|Any CPU.Build.0 = Debug|Any CPU
		{1BFB601A-C46E-4B64-8531-49D5B9640F68}.Release|Any CPU.ActiveCfg = Release|Any CPU
		{1BFB601A-C46E-4B64-8531-49D5B9640F68}.Release|Any CPU.Build.0 = Release|Any CPU
	EndGlobalSection
	GlobalSection(SolutionProperties) = preSolution
		HideSolutionNode = FALSE
	EndGlobalSection
	GlobalSection(ExtensibilityGlobals) = postSolution
		SolutionGuid = {CCB2BB5C-C169-4687-9A32-5448E7ABCAB0}
	EndGlobalSection
EndGlobal
